
Microsoft Visual Studio Solution File, Format Version 11.00
# Visual Studio 2010
Project("{D2ABAB84-BF74-430A-B69E-9DC6D40DDA17}") = "MultidimensionalProject1", "MultidimensionalProject1\MultidimensionalProject1.dwproj", "{245A35DF-D3B3-467A-8AFA-8530D1089A46}"
EndProject
Global
	GlobalSection(SolutionConfigurationPlatforms) = preSolution
		Development|Default = Development|Default
	EndGlobalSection
	GlobalSection(ProjectConfigurationPlatforms) = postSolution
		{245A35DF-D3B3-467A-8AFA-8530D1089A46}.Development|Default.ActiveCfg = Development
		{245A35DF-D3B3-467A-8AFA-8530D1089A46}.Development|Default.Build.0 = Development
		{245A35DF-D3B3-467A-8AFA-8530D1089A46}.Development|Default.Deploy.0 = Development
	EndGlobalSection
	GlobalSection(SolutionProperties) = preSolution
		HideSolutionNode = FALSE
	EndGlobalSection
EndGlobal
